github.com/Motmedel/ecs_go v0.0.64 h1:kPNe5ANQV2eUgyZcZ6awwJ1trT5+/HEeNdocBy+ME7M=
github.com/Motmedel/ecs_go v0.0.64/go.mod h1:iNTjkW+iqd/TlgOnoRnOpqOrB+uCbGckYGtj2fEuztE=
github.com/Motmedel/utils_go v0.0.259 h1:WYKROmEPJg0/JYVRzn4io7hQLjJ/Cb4puI9PMA4UZMM=
github.com/Motmedel/utils_go v0.0.259/go.mod h1:kKm8jM7GA8M7ICIImi5etOMixRgQfnStBPjEoCMTgbg=
github.com/Motmedel/utils_go/pkg/http/log v0.0.6 h1:L9l0XeJpFLLjUeB9Ss9k7oJX86GVbHRsEc94g2vXCa0=
github.com/Motmedel/utils_go/pkg/http/log v0.0.6/go.mod h1:4+aDt4ViykIKQo/8H8jXnEmfRYQ4bKLV52ullPVeUTg=
github.com/Motmedel/utils_go/pkg/http/mux v0.0.98 h1:lQyMoKj1zf+q1PkF4Rz33M7IfOHH2++BjBo3XY/QqJw=
github.com/Motmedel/utils_go/pkg/http/mux v0.0.98/go.mod h1:Wa7Zyi3MA5DZMTPiA3TVWpUC+8ltOwnIHlJZX4XJXJw=
github.com/Motmedel/utils_go/pkg/http/problem_detail v1.0.5 h1:W10vCKqxk8wwxvlXDD7+PA57RKZx/oOXp7fvQ/a09ag=
github.com/Motmedel/utils_go/pkg/http/problem_detail v1.0.5/go.mod h1:NVtWalWHHrewsfTkYjUQCaR4LqKeylOX6QOFoEadAx8=
github.com/Motmedel/utils_go/pkg/net/domain_breakdown v0.0.5 h1:57lx54tX6LbHjMNv0qGnwQB/eo7axhbDnd6rVWyWjxc=
github.com/Motmedel/utils_go/pkg/net/domain_breakdown v0.0.5/go.mod h1:sRPKDiIl1+iQ0eT9amSQKzBdFWDFXtxi32mEvBPm4BU=
github.com/google/uuid v1.6.0 h1:NIvaJDMOsjHA8n1jAhLSgzrAzy1Hgr+hNrb57e+94F0=
github.com/google/uuid v1.6.0/go.mod h1:TIyPZe4MgqvfeYDBFedMoGGpEw/LqOeaOT+nhxU+yHo=
github.com/vphpersson/code_generation v0.0.9 h1:Qno9N6zc8Mu0S+TR5mh393PYIkgT3IHfmDz7X9tBDcU=
github.com/vphpersson/code_generation v0.0.9/go.mod h1:vQkQrdFhL5P7xeCQktA7aNIt0tI5013Rz3P08zKP1TU=
golang.org/x/net v0.40.0 h1:79Xs7wF06Gbdcg4kdCCIQArK11Z1hr5POQ6+fIYHNuY=
golang.org/x/net v0.40.0/go.mod h1:y0hY0exeL2Pku80/zKK7tpntoX23cqL3Oa6njdgRtds=
golang.org/x/sync v0.16.0 h1:ycBJEhp9p4vXvUZNszeOq0kGTPghopOL8q0fq3vstxw=
golang.org/x/sync v0.16.0/go.mod h1:1dzgHSNfp02xaA81J2MS99Qcpr2w7fw1gpm99rleRqA=
