github.com/Motmedel/ecs_go v0.0.55 h1:Ue8iJ3k+bSV5t3z+BN/jGVG3ju7J47qbXjy1Xco7tXc=
github.com/Motmedel/ecs_go v0.0.55/go.mod h1:/GC2IyaRqkRtRPgADrCWBZ2tb/kkn9/Dw6jE73bRXyU=
github.com/Motmedel/utils_go v0.0.196 h1:tPTtszGb/SJV18oHUrRMOkOZrSZ+ULZdTHKvFPUXegU=
github.com/Motmedel/utils_go v0.0.196/go.mod h1:kKm8jM7GA8M7ICIImi5etOMixRgQfnStBPjEoCMTgbg=
github.com/Motmedel/utils_go/pkg/http/log v0.0.4 h1:5/qTl1Gve0CkP6tWhVWKDYT13U1Wb/h0U7YiaJ99ghQ=
github.com/Motmedel/utils_go/pkg/http/log v0.0.4/go.mod h1:VGQu3SV0SU+Sd76rsFUI5ApeEh0bZBPmNT6xmmlZkx8=
github.com/Motmedel/utils_go/pkg/http/mux v0.0.62 h1:gtzFWfUefod1kKch2AsdMpaPfy+N4a9AIjua+it9TpE=
github.com/Motmedel/utils_go/pkg/http/mux v0.0.62/go.mod h1:2E48HFNDiDz8crdZCYHrsk0IwmB7mmSzFiaqW/LV1iI=
github.com/Motmedel/utils_go/pkg/http/problem_detail v1.0.4 h1:FFISPMIc2zf8ZoF2uPYlGiH6A5WrK+8n9lD5dIlvTTo=
github.com/Motmedel/utils_go/pkg/http/problem_detail v1.0.4/go.mod h1:+IxGCG8j1RnwKAKVja/lF6TPDWuWIKbrTLnDPeEkQy8=
github.com/Motmedel/utils_go/pkg/net/domain_breakdown v0.0.3 h1:HFzFdngiLgDTyFmT3Y4GkrzULJI6xyeG/JBlmo28Cvc=
github.com/Motmedel/utils_go/pkg/net/domain_breakdown v0.0.3/go.mod h1:Nb+ubpN7z8g1YbomQR867wwSCngDlRsqCrrJGKLZIOo=
github.com/google/uuid v1.6.0 h1:NIvaJDMOsjHA8n1jAhLSgzrAzy1Hgr+hNrb57e+94F0=
github.com/google/uuid v1.6.0/go.mod h1:TIyPZe4MgqvfeYDBFedMoGGpEw/LqOeaOT+nhxU+yHo=
github.com/vphpersson/code_generation_go v0.0.6 h1:5gm1Vt56QPqVDy++vJR/K9t3ExQ3WpR9oOykNE4J6uQ=
github.com/vphpersson/code_generation_go v0.0.6/go.mod h1:RMIBmCf8MefeowxVXptsvUhiET5FaEqSG9+6+tCEu3A=
golang.org/x/net v0.33.0 h1:74SYHlV8BIgHIFC/LrYkOGIwL19eTYXQ5wc6TBuO36I=
golang.org/x/net v0.33.0/go.mod h1:HXLR5J+9DxmrqMwG9qjGCxZ+zKXxBru04zlTvWlWuN4=
golang.org/x/sync v0.12.0 h1:MHc5BpPuC30uJk597Ri8TV3CNZcTLu6B6z4lJy+g6Jw=
golang.org/x/sync v0.12.0/go.mod h1:1dzgHSNfp02xaA81J2MS99Qcpr2w7fw1gpm99rleRqA=
